
Microsoft Visual Studio Solution File, Format Version 12.00
# Visual Studio Version 17
VisualStudioVersion = 17.0.31912.275
MinimumVisualStudioVersion = 10.0.40219.1
Project("{FAE04EC0-301F-11D3-BF4B-00C04F79EFBC}") = "APIExample", "APIExample.csproj", "{7C8FCB90-AEA0-49E8-AC34-B1FA15A7B900}"
EndProject
Global
	GlobalSection(SolutionConfigurationPlatforms) = preSolution
		Debug|Any CPU = Debug|Any CPU
		Release|Any CPU = Release|Any CPU
	EndGlobalSection
	GlobalSection(ProjectConfigurationPlatforms) = postSolution
		{7C8FCB90-AEA0-49E8-AC34-B1FA15A7B900}.Debug|Any CPU.ActiveCfg = Debug|Any CPU
		{7C8FCB90-AEA0-49E8-AC34-B1FA15A7B900}.Debug|Any CPU.Build.0 = Debug|Any CPU
		{7C8FCB90-AEA0-49E8-AC34-B1FA15A7B900}.Release|Any CPU.ActiveCfg = Release|Any CPU
		{7C8FCB90-AEA0-49E8-AC34-B1FA15A7B900}.Release|Any CPU.Build.0 = Release|Any CPU
	EndGlobalSection
	GlobalSection(SolutionProperties) = preSolution
		HideSolutionNode = FALSE
	EndGlobalSection
	GlobalSection(ExtensibilityGlobals) = postSolution
		SolutionGuid = {D0582EC6-CEAC-4872-90A2-28614A6EA17B}
	EndGlobalSection
EndGlobal
